// !$*UTF8*$!
{
	archiveVersion = 1;
	classes = {
	};
	objectVersion = 46;
	objects = {

/* Begin PBXBuildFile section */
		B21FEB4D1D6D9395008B18CC /* libIRLib.a in Frameworks */ = {isa = PBXBuildFile; fileRef = B21FEB4C1D6D9395008B18CC /* libIRLib.a */; };
		B21FEB4F1D6D939F008B18CC /* liblibelian.a in Frameworks */ = {isa = PBXBuildFile; fileRef = B21FEB4E1D6D939F008B18CC /* liblibelian.a */; };
		B2279B6B1D6D45520099A2BF /* IR in Resources */ = {isa = PBXBuildFile; fileRef = B2279B6A1D6D45520099A2BF /* IR */; };
		B2279B6F1D6D4C0A0099A2BF /* DataProvider.m in Sources */ = {isa = PBXBuildFile; fileRef = B2279B6E1D6D4C0A0099A2BF /* DataProvider.m */; };
		B2441EEA1D67150E002C9ACA /* libstdc++.6.0.9.tbd in Frameworks */ = {isa = PBXBuildFile; fileRef = B2441EE91D67150E002C9ACA /* libstdc++.6.0.9.tbd */; };
		B26006361D7E68A9000C9EFA /* RemoteViewController.m in Sources */ = {isa = PBXBuildFile; fileRef = B26006341D7E68A9000C9EFA /* RemoteViewController.m */; };
		B26006371D7E68A9000C9EFA /* RemoteViewController.xib in Resources */ = {isa = PBXBuildFile; fileRef = B26006351D7E68A9000C9EFA /* RemoteViewController.xib */; };
		B260063B1D7E9664000C9EFA /* RemoteViewCell.m in Sources */ = {isa = PBXBuildFile; fileRef = B26006391D7E9664000C9EFA /* RemoteViewCell.m */; };
		B260063C1D7E9664000C9EFA /* RemoteViewCell.xib in Resources */ = {isa = PBXBuildFile; fileRef = B260063A1D7E9664000C9EFA /* RemoteViewCell.xib */; };
		B26006471D811354000C9EFA /* WifiIRSetViewController.m in Sources */ = {isa = PBXBuildFile; fileRef = B26006451D811354000C9EFA /* WifiIRSetViewController.m */; };
		B26006481D811354000C9EFA /* WifiIRSetViewController.xib in Resources */ = {isa = PBXBuildFile; fileRef = B26006461D811354000C9EFA /* WifiIRSetViewController.xib */; };
		B26006511D8139EB000C9EFA /* WifiIRSetViewCell.m in Sources */ = {isa = PBXBuildFile; fileRef = B260064F1D8139EB000C9EFA /* WifiIRSetViewCell.m */; };
		B26006521D8139EB000C9EFA /* WifiIRSetViewCell.xib in Resources */ = {isa = PBXBuildFile; fileRef = B26006501D8139EB000C9EFA /* WifiIRSetViewCell.xib */; };
		B26006561D828C8C000C9EFA /* WifiSetViewController.m in Sources */ = {isa = PBXBuildFile; fileRef = B26006541D828C8C000C9EFA /* WifiSetViewController.m */; };
		B26006571D828C8C000C9EFA /* WifiSetViewController.xib in Resources */ = {isa = PBXBuildFile; fileRef = B26006551D828C8C000C9EFA /* WifiSetViewController.xib */; };
		B26006601D83F2AD000C9EFA /* IRDetailViewController.m in Sources */ = {isa = PBXBuildFile; fileRef = B260065E1D83F2AD000C9EFA /* IRDetailViewController.m */; };
		B26006611D83F2AD000C9EFA /* IRDetailViewController.xib in Resources */ = {isa = PBXBuildFile; fileRef = B260065F1D83F2AD000C9EFA /* IRDetailViewController.xib */; };
		B2610B501D6E8A1F0085635A /* MyHW.m in Sources */ = {isa = PBXBuildFile; fileRef = B2610B4F1D6E8A1F0085635A /* MyHW.m */; };
		B2610B531D6EEBDC0085635A /* ClassViewController.m in Sources */ = {isa = PBXBuildFile; fileRef = B2610B521D6EEBDC0085635A /* ClassViewController.m */; };
		B263436F1D79691C0003E336 /* TVMatchViewController.m in Sources */ = {isa = PBXBuildFile; fileRef = B263436D1D79691C0003E336 /* TVMatchViewController.m */; };
		B26343701D79691C0003E336 /* TVMatchViewController.xib in Resources */ = {isa = PBXBuildFile; fileRef = B263436E1D79691C0003E336 /* TVMatchViewController.xib */; };
		B267EB581D62B93700A7A18A /* FGLanguageTool.m in Sources */ = {isa = PBXBuildFile; fileRef = B267EB571D62B93700A7A18A /* FGLanguageTool.m */; };
		B29ACBF51D73DA79005EDCE9 /* Speex.framework in Frameworks */ = {isa = PBXBuildFile; fileRef = B29ACBF41D73DA79005EDCE9 /* Speex.framework */; };
		B29ACBF81D73DA9D005EDCE9 /* SpeechToTextModule.m in Sources */ = {isa = PBXBuildFile; fileRef = B29ACBF71D73DA9D005EDCE9 /* SpeechToTextModule.m */; settings = {COMPILER_FLAGS = "-fno-objc-arc"; }; };
		B2A7286F1D91232500BC6D7A /* IRSetViewController.m in Sources */ = {isa = PBXBuildFile; fileRef = B2A7286D1D91232500BC6D7A /* IRSetViewController.m */; };
		B2A728701D91232500BC6D7A /* IRSetViewController.xib in Resources */ = {isa = PBXBuildFile; fileRef = B2A7286E1D91232500BC6D7A /* IRSetViewController.xib */; };
		B2AABD721D6D321800D771F0 /* libstdc++.6.tbd in Frameworks */ = {isa = PBXBuildFile; fileRef = B2AABD711D6D321800D771F0 /* libstdc++.6.tbd */; };
		B2CA29DC1D618C8E00BBD96D /* main.m in Sources */ = {isa = PBXBuildFile; fileRef = B2CA29DB1D618C8E00BBD96D /* main.m */; };
		B2CA29DF1D618C8E00BBD96D /* AppDelegate.m in Sources */ = {isa = PBXBuildFile; fileRef = B2CA29DE1D618C8E00BBD96D /* AppDelegate.m */; };
		B2CA29E81D618C8E00BBD96D /* Main.storyboard in Resources */ = {isa = PBXBuildFile; fileRef = B2CA29E61D618C8E00BBD96D /* Main.storyboard */; };
		B2CA29EA1D618C8E00BBD96D /* Assets.xcassets in Resources */ = {isa = PBXBuildFile; fileRef = B2CA29E91D618C8E00BBD96D /* Assets.xcassets */; };
		B2CA29ED1D618C8E00BBD96D /* LaunchScreen.storyboard in Resources */ = {isa = PBXBuildFile; fileRef = B2CA29EB1D618C8E00BBD96D /* LaunchScreen.storyboard */; };
		B2CA29F81D618C8F00BBD96D /* BERemoteTestTests.m in Sources */ = {isa = PBXBuildFile; fileRef = B2CA29F71D618C8F00BBD96D /* BERemoteTestTests.m */; };
		B2CA2A031D618C8F00BBD96D /* BERemoteTestUITests.m in Sources */ = {isa = PBXBuildFile; fileRef = B2CA2A021D618C8F00BBD96D /* BERemoteTestUITests.m */; };
		B2D31EBC1D87A61D00787795 /* ListViewController.m in Sources */ = {isa = PBXBuildFile; fileRef = B2D31EBA1D87A61D00787795 /* ListViewController.m */; };
		B2D31EBD1D87A61D00787795 /* ListViewController.xib in Resources */ = {isa = PBXBuildFile; fileRef = B2D31EBB1D87A61D00787795 /* ListViewController.xib */; };
		B2D31EC21D88F32F00787795 /* ACRemoteViewController.m in Sources */ = {isa = PBXBuildFile; fileRef = B2D31EC01D88F32F00787795 /* ACRemoteViewController.m */; };
		B2D31EC31D88F32F00787795 /* ACRemoteViewController.xib in Resources */ = {isa = PBXBuildFile; fileRef = B2D31EC11D88F32F00787795 /* ACRemoteViewController.xib */; };
		B2DF6F321D618EC4006908F2 /* BaseViewController.m in Sources */ = {isa = PBXBuildFile; fileRef = B2DF6F2F1D618EC4006908F2 /* BaseViewController.m */; };
		B2DF6F331D618EC4006908F2 /* MainViewController.m in Sources */ = {isa = PBXBuildFile; fileRef = B2DF6F311D618EC4006908F2 /* MainViewController.m */; };
		B2DF6F431D619633006908F2 /* Language.strings in Resources */ = {isa = PBXBuildFile; fileRef = B2DF6F451D619633006908F2 /* Language.strings */; };
		B2DF6F521D61A020006908F2 /* SettingViewController.m in Sources */ = {isa = PBXBuildFile; fileRef = B2DF6F511D61A020006908F2 /* SettingViewController.m */; };
/* End PBXBuildFile section */

/* Begin PBXContainerItemProxy section */
		B2CA29F41D618C8F00BBD96D /* PBXContainerItemProxy */ = {
			isa = PBXContainerItemProxy;
			containerPortal = B2CA29CF1D618C8E00BBD96D /* Project object */;
			proxyType = 1;
			remoteGlobalIDString = B2CA29D61D618C8E00BBD96D;
			remoteInfo = BERemoteTest;
		};
		B2CA29FF1D618C8F00BBD96D /* PBXContainerItemProxy */ = {
			isa = PBXContainerItemProxy;
			containerPortal = B2CA29CF1D618C8E00BBD96D /* Project object */;
			proxyType = 1;
			remoteGlobalIDString = B2CA29D61D618C8E00BBD96D;
			remoteInfo = BERemoteTest;
		};
/* End PBXContainerItemProxy section */

/* Begin PBXFileReference section */
		B21FEB4C1D6D9395008B18CC /* libIRLib.a */ = {isa = PBXFileReference; lastKnownFileType = archive.ar; path = libIRLib.a; sourceTree = "<group>"; };
		B21FEB4E1D6D939F008B18CC /* liblibelian.a */ = {isa = PBXFileReference; lastKnownFileType = archive.ar; path = liblibelian.a; sourceTree = "<group>"; };
		B2279B6A1D6D45520099A2BF /* IR */ = {isa = PBXFileReference; lastKnownFileType = folder; path = IR; sourceTree = "<group>"; };
		B2279B6D1D6D4C0A0099A2BF /* DataProvider.h */ = {isa = PBXFileReference; fileEncoding = 4; lastKnownFileType = sourcecode.c.h; path = DataProvider.h; sourceTree = "<group>"; };
		B2279B6E1D6D4C0A0099A2BF /* DataProvider.m */ = {isa = PBXFileReference; fileEncoding = 4; lastKnownFileType = sourcecode.c.objc; path = DataProvider.m; sourceTree = "<group>"; };
		B2441EE91D67150E002C9ACA /* libstdc++.6.0.9.tbd */ = {isa = PBXFileReference; lastKnownFileType = "sourcecode.text-based-dylib-definition"; name = "libstdc++.6.0.9.tbd"; path = "usr/lib/libstdc++.6.0.9.tbd"; sourceTree = SDKROOT; };
		B26006331D7E68A9000C9EFA /* RemoteViewController.h */ = {isa = PBXFileReference; fileEncoding = 4; lastKnownFileType = sourcecode.c.h; path = RemoteViewController.h; sourceTree = "<group>"; };
		B26006341D7E68A9000C9EFA /* RemoteViewController.m */ = {isa = PBXFileReference; fileEncoding = 4; lastKnownFileType = sourcecode.c.objc; path = RemoteViewController.m; sourceTree = "<group>"; };
		B26006351D7E68A9000C9EFA /* RemoteViewController.xib */ = {isa = PBXFileReference; fileEncoding = 4; lastKnownFileType = file.xib; path = RemoteViewController.xib; sourceTree = "<group>"; };
		B26006381D7E9664000C9EFA /* RemoteViewCell.h */ = {isa = PBXFileReference; fileEncoding = 4; lastKnownFileType = sourcecode.c.h; path = RemoteViewCell.h; sourceTree = "<group>"; };
		B26006391D7E9664000C9EFA /* RemoteViewCell.m */ = {isa = PBXFileReference; fileEncoding = 4; lastKnownFileType = sourcecode.c.objc; path = RemoteViewCell.m; sourceTree = "<group>"; };
		B260063A1D7E9664000C9EFA /* RemoteViewCell.xib */ = {isa = PBXFileReference; fileEncoding = 4; lastKnownFileType = file.xib; path = RemoteViewCell.xib; sourceTree = "<group>"; };
		B26006441D811354000C9EFA /* WifiIRSetViewController.h */ = {isa = PBXFileReference; fileEncoding = 4; lastKnownFileType = sourcecode.c.h; path = WifiIRSetViewController.h; sourceTree = "<group>"; };
		B26006451D811354000C9EFA /* WifiIRSetViewController.m */ = {isa = PBXFileReference; fileEncoding = 4; lastKnownFileType = sourcecode.c.objc; path = WifiIRSetViewController.m; sourceTree = "<group>"; };
		B26006461D811354000C9EFA /* WifiIRSetViewController.xib */ = {isa = PBXFileReference; fileEncoding = 4; lastKnownFileType = file.xib; path = WifiIRSetViewController.xib; sourceTree = "<group>"; };
		B260064E1D8139EB000C9EFA /* WifiIRSetViewCell.h */ = {isa = PBXFileReference; fileEncoding = 4; lastKnownFileType = sourcecode.c.h; path = WifiIRSetViewCell.h; sourceTree = "<group>"; };
		B260064F1D8139EB000C9EFA /* WifiIRSetViewCell.m */ = {isa = PBXFileReference; fileEncoding = 4; lastKnownFileType = sourcecode.c.objc; path = WifiIRSetViewCell.m; sourceTree = "<group>"; };
		B26006501D8139EB000C9EFA /* WifiIRSetViewCell.xib */ = {isa = PBXFileReference; fileEncoding = 4; lastKnownFileType = file.xib; path = WifiIRSetViewCell.xib; sourceTree = "<group>"; };
		B26006531D828C8C000C9EFA /* WifiSetViewController.h */ = {isa = PBXFileReference; fileEncoding = 4; lastKnownFileType = sourcecode.c.h; path = WifiSetViewController.h; sourceTree = "<group>"; };
		B26006541D828C8C000C9EFA /* WifiSetViewController.m */ = {isa = PBXFileReference; fileEncoding = 4; lastKnownFileType = sourcecode.c.objc; path = WifiSetViewController.m; sourceTree = "<group>"; };
		B26006551D828C8C000C9EFA /* WifiSetViewController.xib */ = {isa = PBXFileReference; fileEncoding = 4; lastKnownFileType = file.xib; path = WifiSetViewController.xib; sourceTree = "<group>"; };
		B260065D1D83F2AD000C9EFA /* IRDetailViewController.h */ = {isa = PBXFileReference; fileEncoding = 4; lastKnownFileType = sourcecode.c.h; path = IRDetailViewController.h; sourceTree = "<group>"; };
		B260065E1D83F2AD000C9EFA /* IRDetailViewController.m */ = {isa = PBXFileReference; fileEncoding = 4; lastKnownFileType = sourcecode.c.objc; path = IRDetailViewController.m; sourceTree = "<group>"; };
		B260065F1D83F2AD000C9EFA /* IRDetailViewController.xib */ = {isa = PBXFileReference; fileEncoding = 4; lastKnownFileType = file.xib; path = IRDetailViewController.xib; sourceTree = "<group>"; };
		B2610B4E1D6E8A1F0085635A /* MyHW.h */ = {isa = PBXFileReference; fileEncoding = 4; lastKnownFileType = sourcecode.c.h; path = MyHW.h; sourceTree = "<group>"; };
		B2610B4F1D6E8A1F0085635A /* MyHW.m */ = {isa = PBXFileReference; fileEncoding = 4; lastKnownFileType = sourcecode.c.objc; path = MyHW.m; sourceTree = "<group>"; };
		B2610B511D6EEBDC0085635A /* ClassViewController.h */ = {isa = PBXFileReference; fileEncoding = 4; lastKnownFileType = sourcecode.c.h; path = ClassViewController.h; sourceTree = "<group>"; };
		B2610B521D6EEBDC0085635A /* ClassViewController.m */ = {isa = PBXFileReference; fileEncoding = 4; lastKnownFileType = sourcecode.c.objc; path = ClassViewController.m; sourceTree = "<group>"; };
		B263436C1D79691C0003E336 /* TVMatchViewController.h */ = {isa = PBXFileReference; fileEncoding = 4; lastKnownFileType = sourcecode.c.h; path = TVMatchViewController.h; sourceTree = "<group>"; };
		B263436D1D79691C0003E336 /* TVMatchViewController.m */ = {isa = PBXFileReference; fileEncoding = 4; lastKnownFileType = sourcecode.c.objc; path = TVMatchViewController.m; sourceTree = "<group>"; };
		B263436E1D79691C0003E336 /* TVMatchViewController.xib */ = {isa = PBXFileReference; fileEncoding = 4; lastKnownFileType = file.xib; path = TVMatchViewController.xib; sourceTree = "<group>"; };
		B267EB561D62B93700A7A18A /* FGLanguageTool.h */ = {isa = PBXFileReference; fileEncoding = 4; lastKnownFileType = sourcecode.c.h; path = FGLanguageTool.h; sourceTree = "<group>"; };
		B267EB571D62B93700A7A18A /* FGLanguageTool.m */ = {isa = PBXFileReference; fileEncoding = 4; lastKnownFileType = sourcecode.c.objc; path = FGLanguageTool.m; sourceTree = "<group>"; };
		B29ACBF41D73DA79005EDCE9 /* Speex.framework */ = {isa = PBXFileReference; lastKnownFileType = wrapper.framework; path = Speex.framework; sourceTree = "<group>"; };
		B29ACBF61D73DA9D005EDCE9 /* SpeechToTextModule.h */ = {isa = PBXFileReference; fileEncoding = 4; lastKnownFileType = sourcecode.c.h; path = SpeechToTextModule.h; sourceTree = "<group>"; };
		B29ACBF71D73DA9D005EDCE9 /* SpeechToTextModule.m */ = {isa = PBXFileReference; fileEncoding = 4; lastKnownFileType = sourcecode.c.objc; path = SpeechToTextModule.m; sourceTree = "<group>"; };
		B2A7286C1D91232500BC6D7A /* IRSetViewController.h */ = {isa = PBXFileReference; fileEncoding = 4; lastKnownFileType = sourcecode.c.h; path = IRSetViewController.h; sourceTree = "<group>"; };
		B2A7286D1D91232500BC6D7A /* IRSetViewController.m */ = {isa = PBXFileReference; fileEncoding = 4; lastKnownFileType = sourcecode.c.objc; path = IRSetViewController.m; sourceTree = "<group>"; };
		B2A7286E1D91232500BC6D7A /* IRSetViewController.xib */ = {isa = PBXFileReference; fileEncoding = 4; lastKnownFileType = file.xib; path = IRSetViewController.xib; sourceTree = "<group>"; };
		B2AABD711D6D321800D771F0 /* libstdc++.6.tbd */ = {isa = PBXFileReference; lastKnownFileType = "sourcecode.text-based-dylib-definition"; name = "libstdc++.6.tbd"; path = "usr/lib/libstdc++.6.tbd"; sourceTree = SDKROOT; };
		B2CA29D71D618C8E00BBD96D /* BERemoteTest.app */ = {isa = PBXFileReference; explicitFileType = wrapper.application; includeInIndex = 0; path = BERemoteTest.app; sourceTree = BUILT_PRODUCTS_DIR; };
		B2CA29DB1D618C8E00BBD96D /* main.m */ = {isa = PBXFileReference; lastKnownFileType = sourcecode.c.objc; path = main.m; sourceTree = "<group>"; };
		B2CA29DD1D618C8E00BBD96D /* AppDelegate.h */ = {isa = PBXFileReference; lastKnownFileType = sourcecode.c.h; path = AppDelegate.h; sourceTree = "<group>"; };
		B2CA29DE1D618C8E00BBD96D /* AppDelegate.m */ = {isa = PBXFileReference; lastKnownFileType = sourcecode.c.objc; path = AppDelegate.m; sourceTree = "<group>"; };
		B2CA29E71D618C8E00BBD96D /* Base */ = {isa = PBXFileReference; lastKnownFileType = file.storyboard; name = Base; path = Base.lproj/Main.storyboard; sourceTree = "<group>"; };
		B2CA29E91D618C8E00BBD96D /* Assets.xcassets */ = {isa = PBXFileReference; lastKnownFileType = folder.assetcatalog; path = Assets.xcassets; sourceTree = "<group>"; };
		B2CA29EC1D618C8E00BBD96D /* Base */ = {isa = PBXFileReference; lastKnownFileType = file.storyboard; name = Base; path = Base.lproj/LaunchScreen.storyboard; sourceTree = "<group>"; };
		B2CA29EE1D618C8E00BBD96D /* Info.plist */ = {isa = PBXFileReference; lastKnownFileType = text.plist.xml; path = Info.plist; sourceTree = "<group>"; };
		B2CA29F31D618C8F00BBD96D /* BERemoteTestTests.xctest */ = {isa = PBXFileReference; explicitFileType = wrapper.cfbundle; includeInIndex = 0; path = BERemoteTestTests.xctest; sourceTree = BUILT_PRODUCTS_DIR; };
		B2CA29F71D618C8F00BBD96D /* BERemoteTestTests.m */ = {isa = PBXFileReference; lastKnownFileType = sourcecode.c.objc; path = BERemoteTestTests.m; sourceTree = "<group>"; };
		B2CA29F91D618C8F00BBD96D /* Info.plist */ = {isa = PBXFileReference; lastKnownFileType = text.plist.xml; path = Info.plist; sourceTree = "<group>"; };
		B2CA29FE1D618C8F00BBD96D /* BERemoteTestUITests.xctest */ = {isa = PBXFileReference; explicitFileType = wrapper.cfbundle; includeInIndex = 0; path = BERemoteTestUITests.xctest; sourceTree = BUILT_PRODUCTS_DIR; };
		B2CA2A021D618C8F00BBD96D /* BERemoteTestUITests.m */ = {isa = PBXFileReference; lastKnownFileType = sourcecode.c.objc; path = BERemoteTestUITests.m; sourceTree = "<group>"; };
		B2CA2A041D618C8F00BBD96D /* Info.plist */ = {isa = PBXFileReference; lastKnownFileType = text.plist.xml; path = Info.plist; sourceTree = "<group>"; };
		B2D31EB91D87A61D00787795 /* ListViewController.h */ = {isa = PBXFileReference; fileEncoding = 4; lastKnownFileType = sourcecode.c.h; path = ListViewController.h; sourceTree = "<group>"; };
		B2D31EBA1D87A61D00787795 /* ListViewController.m */ = {isa = PBXFileReference; fileEncoding = 4; lastKnownFileType = sourcecode.c.objc; path = ListViewController.m; sourceTree = "<group>"; };
		B2D31EBB1D87A61D00787795 /* ListViewController.xib */ = {isa = PBXFileReference; fileEncoding = 4; lastKnownFileType = file.xib; path = ListViewController.xib; sourceTree = "<group>"; };
		B2D31EBF1D88F32F00787795 /* ACRemoteViewController.h */ = {isa = PBXFileReference; fileEncoding = 4; lastKnownFileType = sourcecode.c.h; path = ACRemoteViewController.h; sourceTree = "<group>"; };
		B2D31EC01D88F32F00787795 /* ACRemoteViewController.m */ = {isa = PBXFileReference; fileEncoding = 4; lastKnownFileType = sourcecode.c.objc; path = ACRemoteViewController.m; sourceTree = "<group>"; };
		B2D31EC11D88F32F00787795 /* ACRemoteViewController.xib */ = {isa = PBXFileReference; fileEncoding = 4; lastKnownFileType = file.xib; path = ACRemoteViewController.xib; sourceTree = "<group>"; };
		B2DF6F2E1D618EC4006908F2 /* BaseViewController.h */ = {isa = PBXFileReference; fileEncoding = 4; lastKnownFileType = sourcecode.c.h; path = BaseViewController.h; sourceTree = "<group>"; };
		B2DF6F2F1D618EC4006908F2 /* BaseViewController.m */ = {isa = PBXFileReference; fileEncoding = 4; lastKnownFileType = sourcecode.c.objc; path = BaseViewController.m; sourceTree = "<group>"; };
		B2DF6F301D618EC4006908F2 /* MainViewController.h */ = {isa = PBXFileReference; fileEncoding = 4; lastKnownFileType = sourcecode.c.h; path = MainViewController.h; sourceTree = "<group>"; };
		B2DF6F311D618EC4006908F2 /* MainViewController.m */ = {isa = PBXFileReference; fileEncoding = 4; lastKnownFileType = sourcecode.c.objc; path = MainViewController.m; sourceTree = "<group>"; };
		B2DF6F4C1D619709006908F2 /* zh-Hant */ = {isa = PBXFileReference; lastKnownFileType = text.plist.strings; name = "zh-Hant"; path = "zh-Hant.lproj/Language.strings"; sourceTree = "<group>"; };
		B2DF6F4D1D619712006908F2 /* zh-Hans */ = {isa = PBXFileReference; lastKnownFileType = text.plist.strings; name = "zh-Hans"; path = "zh-Hans.lproj/Language.strings"; sourceTree = "<group>"; };
		B2DF6F501D61A020006908F2 /* SettingViewController.h */ = {isa = PBXFileReference; fileEncoding = 4; lastKnownFileType = sourcecode.c.h; path = SettingViewController.h; sourceTree = "<group>"; };
		B2DF6F511D61A020006908F2 /* SettingViewController.m */ = {isa = PBXFileReference; fileEncoding = 4; lastKnownFileType = sourcecode.c.objc; path = SettingViewController.m; sourceTree = "<group>"; };
		B2DF6F531D61CFEA006908F2 /* en */ = {isa = PBXFileReference; lastKnownFileType = text.plist.strings; name = en; path = en.lproj/Language.strings; sourceTree = "<group>"; };
/* End PBXFileReference section */

/* Begin PBXFrameworksBuildPhase section */
		B2CA29D41D618C8E00BBD96D /* Frameworks */ = {
			isa = PBXFrameworksBuildPhase;
			buildActionMask = 2147483647;
			files = (
				B2AABD721D6D321800D771F0 /* libstdc++.6.tbd in Frameworks */,
				B29ACBF51D73DA79005EDCE9 /* Speex.framework in Frameworks */,
				B21FEB4D1D6D9395008B18CC /* libIRLib.a in Frameworks */,
				B2441EEA1D67150E002C9ACA /* libstdc++.6.0.9.tbd in Frameworks */,
				B21FEB4F1D6D939F008B18CC /* liblibelian.a in Frameworks */,
			);
			runOnlyForDeploymentPostprocessing = 0;
		};
		B2CA29F01D618C8F00BBD96D /* Frameworks */ = {
			isa = PBXFrameworksBuildPhase;
			buildActionMask = 2147483647;
			files = (
			);
			runOnlyForDeploymentPostprocessing = 0;
		};
		B2CA29FB1D618C8F00BBD96D /* Frameworks */ = {
			isa = PBXFrameworksBuildPhase;
			buildActionMask = 2147483647;
			files = (
			);
			runOnlyForDeploymentPostprocessing = 0;
		};
/* End PBXFrameworksBuildPhase section */

/* Begin PBXGroup section */
		B2CA29CE1D618C8E00BBD96D = {
			isa = PBXGroup;
			children = (
				B2DF6F361D618EF7006908F2 /* SDK_Library */,
				B2CA29D91D618C8E00BBD96D /* BERemoteTest */,
				B2CA29F61D618C8F00BBD96D /* BERemoteTestTests */,
				B2CA2A011D618C8F00BBD96D /* BERemoteTestUITests */,
				B2CA29D81D618C8E00BBD96D /* Products */,
			);
			sourceTree = "<group>";
		};
		B2CA29D81D618C8E00BBD96D /* Products */ = {
			isa = PBXGroup;
			children = (
				B2CA29D71D618C8E00BBD96D /* BERemoteTest.app */,
				B2CA29F31D618C8F00BBD96D /* BERemoteTestTests.xctest */,
				B2CA29FE1D618C8F00BBD96D /* BERemoteTestUITests.xctest */,
			);
			name = Products;
			sourceTree = "<group>";
		};
		B2CA29D91D618C8E00BBD96D /* BERemoteTest */ = {
			isa = PBXGroup;
			children = (
				B29ACBF61D73DA9D005EDCE9 /* SpeechToTextModule.h */,
				B29ACBF71D73DA9D005EDCE9 /* SpeechToTextModule.m */,
				B267EB561D62B93700A7A18A /* FGLanguageTool.h */,
				B267EB571D62B93700A7A18A /* FGLanguageTool.m */,
				B2279B6D1D6D4C0A0099A2BF /* DataProvider.h */,
				B2279B6E1D6D4C0A0099A2BF /* DataProvider.m */,
				B2610B4E1D6E8A1F0085635A /* MyHW.h */,
				B2610B4F1D6E8A1F0085635A /* MyHW.m */,
				B2279B6A1D6D45520099A2BF /* IR */,
				B2DF6F501D61A020006908F2 /* SettingViewController.h */,
				B2DF6F511D61A020006908F2 /* SettingViewController.m */,
				B2DF6F2E1D618EC4006908F2 /* BaseViewController.h */,
				B2DF6F2F1D618EC4006908F2 /* BaseViewController.m */,
				B2DF6F301D618EC4006908F2 /* MainViewController.h */,
				B2DF6F311D618EC4006908F2 /* MainViewController.m */,
				B2610B511D6EEBDC0085635A /* ClassViewController.h */,
				B2610B521D6EEBDC0085635A /* ClassViewController.m */,
				B2D31EB91D87A61D00787795 /* ListViewController.h */,
				B2D31EBA1D87A61D00787795 /* ListViewController.m */,
				B2D31EBB1D87A61D00787795 /* ListViewController.xib */,
				B263436C1D79691C0003E336 /* TVMatchViewController.h */,
				B263436D1D79691C0003E336 /* TVMatchViewController.m */,
				B263436E1D79691C0003E336 /* TVMatchViewController.xib */,
				B26006381D7E9664000C9EFA /* RemoteViewCell.h */,
				B26006391D7E9664000C9EFA /* RemoteViewCell.m */,
				B260063A1D7E9664000C9EFA /* RemoteViewCell.xib */,
				B26006331D7E68A9000C9EFA /* RemoteViewController.h */,
				B26006341D7E68A9000C9EFA /* RemoteViewController.m */,
				B26006351D7E68A9000C9EFA /* RemoteViewController.xib */,
				B2D31EBF1D88F32F00787795 /* ACRemoteViewController.h */,
				B2D31EC01D88F32F00787795 /* ACRemoteViewController.m */,
				B2D31EC11D88F32F00787795 /* ACRemoteViewController.xib */,
				B260064E1D8139EB000C9EFA /* WifiIRSetViewCell.h */,
				B260064F1D8139EB000C9EFA /* WifiIRSetViewCell.m */,
				B26006501D8139EB000C9EFA /* WifiIRSetViewCell.xib */,
				B26006441D811354000C9EFA /* WifiIRSetViewController.h */,
				B26006451D811354000C9EFA /* WifiIRSetViewController.m */,
				B26006461D811354000C9EFA /* WifiIRSetViewController.xib */,
				B26006531D828C8C000C9EFA /* WifiSetViewController.h */,
				B26006541D828C8C000C9EFA /* WifiSetViewController.m */,
				B26006551D828C8C000C9EFA /* WifiSetViewController.xib */,
				B260065D1D83F2AD000C9EFA /* IRDetailViewController.h */,
				B260065E1D83F2AD000C9EFA /* IRDetailViewController.m */,
				B260065F1D83F2AD000C9EFA /* IRDetailViewController.xib */,
				B2A7286C1D91232500BC6D7A /* IRSetViewController.h */,
				B2A7286D1D91232500BC6D7A /* IRSetViewController.m */,
				B2A7286E1D91232500BC6D7A /* IRSetViewController.xib */,
				B2CA29DD1D618C8E00BBD96D /* AppDelegate.h */,
				B2CA29DE1D618C8E00BBD96D /* AppDelegate.m */,
				B2CA29E61D618C8E00BBD96D /* Main.storyboard */,
				B2CA29E91D618C8E00BBD96D /* Assets.xcassets */,
				B2CA29EB1D618C8E00BBD96D /* LaunchScreen.storyboard */,
				B2CA29EE1D618C8E00BBD96D /* Info.plist */,
				B2CA29DA1D618C8E00BBD96D /* Supporting Files */,
			);
			path = BERemoteTest;
			sourceTree = "<group>";
		};
		B2CA29DA1D618C8E00BBD96D /* Supporting Files */ = {
			isa = PBXGroup;
			children = (
				B2CA29DB1D618C8E00BBD96D /* main.m */,
				B2DF6F451D619633006908F2 /* Language.strings */,
			);
			name = "Supporting Files";
			sourceTree = "<group>";
		};
		B2CA29F61D618C8F00BBD96D /* BERemoteTestTests */ = {
			isa = PBXGroup;
			children = (
				B2CA29F71D618C8F00BBD96D /* BERemoteTestTests.m */,
				B2CA29F91D618C8F00BBD96D /* Info.plist */,
			);
			path = BERemoteTestTests;
			sourceTree = "<group>";
		};
		B2CA2A011D618C8F00BBD96D /* BERemoteTestUITests */ = {
			isa = PBXGroup;
			children = (
				B2CA2A021D618C8F00BBD96D /* BERemoteTestUITests.m */,
				B2CA2A041D618C8F00BBD96D /* Info.plist */,
			);
			path = BERemoteTestUITests;
			sourceTree = "<group>";
		};
		B2DF6F361D618EF7006908F2 /* SDK_Library */ = {
			isa = PBXGroup;
			children = (
				B29ACBF41D73DA79005EDCE9 /* Speex.framework */,
				B21FEB4C1D6D9395008B18CC /* libIRLib.a */,
				B21FEB4E1D6D939F008B18CC /* liblibelian.a */,
				B2AABD711D6D321800D771F0 /* libstdc++.6.tbd */,
				B2441EE91D67150E002C9ACA /* libstdc++.6.0.9.tbd */,
			);
			name = SDK_Library;
			sourceTree = "<group>";
		};
/* End PBXGroup section */

/* Begin PBXNativeTarget section */
		B2CA29D61D618C8E00BBD96D /* BERemoteTest */ = {
			isa = PBXNativeTarget;
			buildConfigurationList = B2CA2A071D618C8F00BBD96D /* Build configuration list for PBXNativeTarget "BERemoteTest" */;
			buildPhases = (
				B2CA29D31D618C8E00BBD96D /* Sources */,
				B2CA29D41D618C8E00BBD96D /* Frameworks */,
				B2CA29D51D618C8E00BBD96D /* Resources */,
			);
			buildRules = (
			);
			dependencies = (
			);
			name = BERemoteTest;
			productName = BERemoteTest;
			productReference = B2CA29D71D618C8E00BBD96D /* BERemoteTest.app */;
			productType = "com.apple.product-type.application";
		};
		B2CA29F21D618C8F00BBD96D /* BERemoteTestTests */ = {
			isa = PBXNativeTarget;
			buildConfigurationList = B2CA2A0A1D618C8F00BBD96D /* Build configuration list for PBXNativeTarget "BERemoteTestTests" */;
			buildPhases = (
				B2CA29EF1D618C8F00BBD96D /* Sources */,
				B2CA29F01D618C8F00BBD96D /* Frameworks */,
				B2CA29F11D618C8F00BBD96D /* Resources */,
			);
			buildRules = (
			);
			dependencies = (
				B2CA29F51D618C8F00BBD96D /* PBXTargetDependency */,
			);
			name = BERemoteTestTests;
			productName = BERemoteTestTests;
			productReference = B2CA29F31D618C8F00BBD96D /* BERemoteTestTests.xctest */;
			productType = "com.apple.product-type.bundle.unit-test";
		};
		B2CA29FD1D618C8F00BBD96D /* BERemoteTestUITests */ = {
			isa = PBXNativeTarget;
			buildConfigurationList = B2CA2A0D1D618C8F00BBD96D /* Build configuration list for PBXNativeTarget "BERemoteTestUITests" */;
			buildPhases = (
				B2CA29FA1D618C8F00BBD96D /* Sources */,
				B2CA29FB1D618C8F00BBD96D /* Frameworks */,
				B2CA29FC1D618C8F00BBD96D /* Resources */,
			);
			buildRules = (
			);
			dependencies = (
				B2CA2A001D618C8F00BBD96D /* PBXTargetDependency */,
			);
			name = BERemoteTestUITests;
			productName = BERemoteTestUITests;
			productReference = B2CA29FE1D618C8F00BBD96D /* BERemoteTestUITests.xctest */;
			productType = "com.apple.product-type.bundle.ui-testing";
		};
/* End PBXNativeTarget section */

/* Begin PBXProject section */
		B2CA29CF1D618C8E00BBD96D /* Project object */ = {
			isa = PBXProject;
			attributes = {
				LastUpgradeCheck = 0720;
				ORGANIZATIONNAME = "Hung Ricky";
				TargetAttributes = {
					B2CA29D61D618C8E00BBD96D = {
						CreatedOnToolsVersion = 7.2.1;
						DevelopmentTeam = M7S7Y42MZS;
					};
					B2CA29F21D618C8F00BBD96D = {
						CreatedOnToolsVersion = 7.2.1;
						DevelopmentTeam = 7988AZ3THX;
						TestTargetID = B2CA29D61D618C8E00BBD96D;
					};
					B2CA29FD1D618C8F00BBD96D = {
						CreatedOnToolsVersion = 7.2.1;
						DevelopmentTeam = 7988AZ3THX;
						TestTargetID = B2CA29D61D618C8E00BBD96D;
					};
				};
			};
			buildConfigurationList = B2CA29D21D618C8E00BBD96D /* Build configuration list for PBXProject "BERemoteTest" */;
			compatibilityVersion = "Xcode 3.2";
			developmentRegion = English;
			hasScannedForEncodings = 0;
			knownRegions = (
				en,
				Base,
				"zh-Hant",
				"zh-Hans",
			);
			mainGroup = B2CA29CE1D618C8E00BBD96D;
			productRefGroup = B2CA29D81D618C8E00BBD96D /* Products */;
			projectDirPath = "";
			projectRoot = "";
			targets = (
				B2CA29D61D618C8E00BBD96D /* BERemoteTest */,
				B2CA29F21D618C8F00BBD96D /* BERemoteTestTests */,
				B2CA29FD1D618C8F00BBD96D /* BERemoteTestUITests */,
			);
		};
/* End PBXProject section */

/* Begin PBXResourcesBuildPhase section */
		B2CA29D51D618C8E00BBD96D /* Resources */ = {
			isa = PBXResourcesBuildPhase;
			buildActionMask = 2147483647;
			files = (
				B2279B6B1D6D45520099A2BF /* IR in Resources */,
				B2DF6F431D619633006908F2 /* Language.strings in Resources */,
				B260063C1D7E9664000C9EFA /* RemoteViewCell.xib in Resources */,
				B26006521D8139EB000C9EFA /* WifiIRSetViewCell.xib in Resources */,
				B26006371D7E68A9000C9EFA /* RemoteViewController.xib in Resources */,
				B26006571D828C8C000C9EFA /* WifiSetViewController.xib in Resources */,
				B26343701D79691C0003E336 /* TVMatchViewController.xib in Resources */,
				B2CA29ED1D618C8E00BBD96D /* LaunchScreen.storyboard in Resources */,
				B2D31EC31D88F32F00787795 /* ACRemoteViewController.xib in Resources */,
				B2D31EBD1D87A61D00787795 /* ListViewController.xib in Resources */,
				B2A728701D91232500BC6D7A /* IRSetViewController.xib in Resources */,
				B26006611D83F2AD000C9EFA /* IRDetailViewController.xib in Resources */,
				B26006481D811354000C9EFA /* WifiIRSetViewController.xib in Resources */,
				B2CA29EA1D618C8E00BBD96D /* Assets.xcassets in Resources */,
				B2CA29E81D618C8E00BBD96D /* Main.storyboard in Resources */,
			);
			runOnlyForDeploymentPostprocessing = 0;
		};
		B2CA29F11D618C8F00BBD96D /* Resources */ = {
			isa = PBXResourcesBuildPhase;
			buildActionMask = 2147483647;
			files = (
			);
			runOnlyForDeploymentPostprocessing = 0;
		};
		B2CA29FC1D618C8F00BBD96D /* Resources */ = {
			isa = PBXResourcesBuildPhase;
			buildActionMask = 2147483647;
			files = (
			);
			runOnlyForDeploymentPostprocessing = 0;
		};
/* End PBXResourcesBuildPhase section */

/* Begin PBXSourcesBuildPhase section */
		B2CA29D31D618C8E00BBD96D /* Sources */ = {
			isa = PBXSourcesBuildPhase;
			buildActionMask = 2147483647;
			files = (
				B260063B1D7E9664000C9EFA /* RemoteViewCell.m in Sources */,
				B2D31EC21D88F32F00787795 /* ACRemoteViewController.m in Sources */,
				B2D31EBC1D87A61D00787795 /* ListViewController.m in Sources */,
				B2DF6F321D618EC4006908F2 /* BaseViewController.m in Sources */,
				B26006601D83F2AD000C9EFA /* IRDetailViewController.m in Sources */,
				B29ACBF81D73DA9D005EDCE9 /* SpeechToTextModule.m in Sources */,
				B26006561D828C8C000C9EFA /* WifiSetViewController.m in Sources */,
				B2CA29DF1D618C8E00BBD96D /* AppDelegate.m in Sources */,
				B263436F1D79691C0003E336 /* TVMatchViewController.m in Sources */,
				B2610B531D6EEBDC0085635A /* ClassViewController.m in Sources */,
				B267EB581D62B93700A7A18A /* FGLanguageTool.m in Sources */,
				B26006471D811354000C9EFA /* WifiIRSetViewController.m in Sources */,
				B2279B6F1D6D4C0A0099A2BF /* DataProvider.m in Sources */,
				B2DF6F331D618EC4006908F2 /* MainViewController.m in Sources */,
				B2CA29DC1D618C8E00BBD96D /* main.m in Sources */,
				B2610B501D6E8A1F0085635A /* MyHW.m in Sources */,
				B26006361D7E68A9000C9EFA /* RemoteViewController.m in Sources */,
				B2DF6F521D61A020006908F2 /* SettingViewController.m in Sources */,
				B2A7286F1D91232500BC6D7A /* IRSetViewController.m in Sources */,
				B26006511D8139EB000C9EFA /* WifiIRSetViewCell.m in Sources */,
			);
			runOnlyForDeploymentPostprocessing = 0;
		};
		B2CA29EF1D618C8F00BBD96D /* Sources */ = {
			isa = PBXSourcesBuildPhase;
			buildActionMask = 2147483647;
			files = (
				B2CA29F81D618C8F00BBD96D /* BERemoteTestTests.m in Sources */,
			);
			runOnlyForDeploymentPostprocessing = 0;
		};
		B2CA29FA1D618C8F00BBD96D /* Sources */ = {
			isa = PBXSourcesBuildPhase;
			buildActionMask = 2147483647;
			files = (
				B2CA2A031D618C8F00BBD96D /* BERemoteTestUITests.m in Sources */,
			);
			runOnlyForDeploymentPostprocessing = 0;
		};
/* End PBXSourcesBuildPhase section */

/* Begin PBXTargetDependency section */
		B2CA29F51D618C8F00BBD96D /* PBXTargetDependency */ = {
			isa = PBXTargetDependency;
			target = B2CA29D61D618C8E00BBD96D /* BERemoteTest */;
			targetProxy = B2CA29F41D618C8F00BBD96D /* PBXContainerItemProxy */;
		};
		B2CA2A001D618C8F00BBD96D /* PBXTargetDependency */ = {
			isa = PBXTargetDependency;
			target = B2CA29D61D618C8E00BBD96D /* BERemoteTest */;
			targetProxy = B2CA29FF1D618C8F00BBD96D /* PBXContainerItemProxy */;
		};
/* End PBXTargetDependency section */

/* Begin PBXVariantGroup section */
		B2CA29E61D618C8E00BBD96D /* Main.storyboard */ = {
			isa = PBXVariantGroup;
			children = (
				B2CA29E71D618C8E00BBD96D /* Base */,
			);
			name = Main.storyboard;
			sourceTree = "<group>";
		};
		B2CA29EB1D618C8E00BBD96D /* LaunchScreen.storyboard */ = {
			isa = PBXVariantGroup;
			children = (
				B2CA29EC1D618C8E00BBD96D /* Base */,
			);
			name = LaunchScreen.storyboard;
			sourceTree = "<group>";
		};
		B2DF6F451D619633006908F2 /* Language.strings */ = {
			isa = PBXVariantGroup;
			children = (
				B2DF6F4C1D619709006908F2 /* zh-Hant */,
				B2DF6F4D1D619712006908F2 /* zh-Hans */,
				B2DF6F531D61CFEA006908F2 /* en */,
			);
			name = Language.strings;
			sourceTree = "<group>";
		};
/* End PBXVariantGroup section */

/* Begin XCBuildConfiguration section */
		B2CA2A051D618C8F00BBD96D /* Debug */ = {
			isa = XCBuildConfiguration;
			buildSettings = {
				ALWAYS_SEARCH_USER_PATHS = NO;
				CLANG_CXX_LANGUAGE_STANDARD = "gnu++0x";
				CLANG_CXX_LIBRARY = "libc++";
				CLANG_ENABLE_MODULES = YES;
				CLANG_ENABLE_OBJC_ARC = YES;
				CLANG_WARN_BOOL_CONVERSION = YES;
				CLANG_WARN_CONSTANT_CONVERSION = YES;
				CLANG_WARN_DIRECT_OBJC_ISA_USAGE = YES_ERROR;
				CLANG_WARN_EMPTY_BODY = YES;
				CLANG_WARN_ENUM_CONVERSION = YES;
				CLANG_WARN_INT_CONVERSION = YES;
				CLANG_WARN_OBJC_ROOT_CLASS = YES_ERROR;
				CLANG_WARN_UNREACHABLE_CODE = YES;
				CLANG_WARN__DUPLICATE_METHOD_MATCH = YES;
				"CODE_SIGN_IDENTITY[sdk=iphoneos*]" = "iPhone Developer";
				COPY_PHASE_STRIP = NO;
				DEBUG_INFORMATION_FORMAT = dwarf;
				ENABLE_STRICT_OBJC_MSGSEND = YES;
				ENABLE_TESTABILITY = YES;
				GCC_C_LANGUAGE_STANDARD = gnu99;
				GCC_DYNAMIC_NO_PIC = NO;
				GCC_NO_COMMON_BLOCKS = YES;
				GCC_OPTIMIZATION_LEVEL = 0;
				GCC_PREPROCESSOR_DEFINITIONS = (
					"DEBUG=1",
					"$(inherited)",
				);
				GCC_WARN_64_TO_32_BIT_CONVERSION = YES;
				GCC_WARN_ABOUT_RETURN_TYPE = YES_ERROR;
				GCC_WARN_UNDECLARED_SELECTOR = YES;
				GCC_WARN_UNINITIALIZED_AUTOS = YES_AGGRESSIVE;
				GCC_WARN_UNUSED_FUNCTION = YES;
				GCC_WARN_UNUSED_VARIABLE = YES;
				IPHONEOS_DEPLOYMENT_TARGET = 9.1;
				MTL_ENABLE_DEBUG_INFO = YES;
				ONLY_ACTIVE_ARCH = YES;
				SDKROOT = iphoneos;
				TARGETED_DEVICE_FAMILY = "1,2";
			};
			name = Debug;
		};
		B2CA2A061D618C8F00BBD96D /* Release */ = {
			isa = XCBuildConfiguration;
			buildSettings = {
				ALWAYS_SEARCH_USER_PATHS = NO;
				CLANG_CXX_LANGUAGE_STANDARD = "gnu++0x";
				CLANG_CXX_LIBRARY = "libc++";
				CLANG_ENABLE_MODULES = YES;
				CLANG_ENABLE_OBJC_ARC = YES;
				CLANG_WARN_BOOL_CONVERSION = YES;
				CLANG_WARN_CONSTANT_CONVERSION = YES;
				CLANG_WARN_DIRECT_OBJC_ISA_USAGE = YES_ERROR;
				CLANG_WARN_EMPTY_BODY = YES;
				CLANG_WARN_ENUM_CONVERSION = YES;
				CLANG_WARN_INT_CONVERSION = YES;
				CLANG_WARN_OBJC_ROOT_CLASS = YES_ERROR;
				CLANG_WARN_UNREACHABLE_CODE = YES;
				CLANG_WARN__DUPLICATE_METHOD_MATCH = YES;
				"CODE_SIGN_IDENTITY[sdk=iphoneos*]" = "iPhone Developer";
				COPY_PHASE_STRIP = NO;
				DEBUG_INFORMATION_FORMAT = "dwarf-with-dsym";
				ENABLE_NS_ASSERTIONS = NO;
				ENABLE_STRICT_OBJC_MSGSEND = YES;
				GCC_C_LANGUAGE_STANDARD = gnu99;
				GCC_NO_COMMON_BLOCKS = YES;
				GCC_WARN_64_TO_32_BIT_CONVERSION = YES;
				GCC_WARN_ABOUT_RETURN_TYPE = YES_ERROR;
				GCC_WARN_UNDECLARED_SELECTOR = YES;
				GCC_WARN_UNINITIALIZED_AUTOS = YES_AGGRESSIVE;
				GCC_WARN_UNUSED_FUNCTION = YES;
				GCC_WARN_UNUSED_VARIABLE = YES;
				IPHONEOS_DEPLOYMENT_TARGET = 9.1;
				MTL_ENABLE_DEBUG_INFO = NO;
				SDKROOT = iphoneos;
				TARGETED_DEVICE_FAMILY = "1,2";
				VALIDATE_PRODUCT = YES;
			};
			name = Release;
		};
		B2CA2A081D618C8F00BBD96D /* Debug */ = {
			isa = XCBuildConfiguration;
			buildSettings = {
				ASSETCATALOG_COMPILER_APPICON_NAME = AppIcon;
				CODE_SIGN_IDENTITY = "iPhone Developer";
				"CODE_SIGN_IDENTITY[sdk=iphoneos*]" = "iPhone Developer";
				ENABLE_BITCODE = NO;
				FRAMEWORK_SEARCH_PATHS = (
					"$(inherited)",
					"$(PROJECT_DIR)",
				);
				INFOPLIST_FILE = BERemoteTest/Info.plist;
				IPHONEOS_DEPLOYMENT_TARGET = 9.1;
				LD_RUNPATH_SEARCH_PATHS = "$(inherited) @executable_path/Frameworks";
				LIBRARY_SEARCH_PATHS = (
					"$(inherited)",
					"$(PROJECT_DIR)",
				);
				PRODUCT_BUNDLE_IDENTIFIER = com.bomeans.remoter;
				PRODUCT_NAME = "$(TARGET_NAME)";
				PROVISIONING_PROFILE = "";
			};
			name = Debug;
		};
		B2CA2A091D618C8F00BBD96D /* Release */ = {
			isa = XCBuildConfiguration;
			buildSettings = {
				ASSETCATALOG_COMPILER_APPICON_NAME = AppIcon;
				CODE_SIGN_IDENTITY = "iPhone Developer";
				"CODE_SIGN_IDENTITY[sdk=iphoneos*]" = "iPhone Developer";
				ENABLE_BITCODE = NO;
				FRAMEWORK_SEARCH_PATHS = (
					"$(inherited)",
					"$(PROJECT_DIR)",
				);
				INFOPLIST_FILE = BERemoteTest/Info.plist;
				IPHONEOS_DEPLOYMENT_TARGET = 9.1;
				LD_RUNPATH_SEARCH_PATHS = "$(inherited) @executable_path/Frameworks";
				LIBRARY_SEARCH_PATHS = (
					"$(inherited)",
					"$(PROJECT_DIR)",
				);
				PRODUCT_BUNDLE_IDENTIFIER = com.bomeans.remoter;
				PRODUCT_NAME = "$(TARGET_NAME)";
				PROVISIONING_PROFILE = "";
			};
			name = Release;
		};
		B2CA2A0B1D618C8F00BBD96D /* Debug */ = {
			isa = XCBuildConfiguration;
			buildSettings = {
				BUNDLE_LOADER = "$(TEST_HOST)";
				INFOPLIST_FILE = BERemoteTestTests/Info.plist;
				LD_RUNPATH_SEARCH_PATHS = "$(inherited) @executable_path/Frameworks @loader_path/Frameworks";
				PRODUCT_BUNDLE_IDENTIFIER = hung.BERemoteTestTests;
				PRODUCT_NAME = "$(TARGET_NAME)";
				TEST_HOST = "$(BUILT_PRODUCTS_DIR)/BERemoteTest.app/BERemoteTest";
			};
			name = Debug;
		};
		B2CA2A0C1D618C8F00BBD96D /* Release */ = {
			isa = XCBuildConfiguration;
			buildSettings = {
				BUNDLE_LOADER = "$(TEST_HOST)";
				INFOPLIST_FILE = BERemoteTestTests/Info.plist;
				LD_RUNPATH_SEARCH_PATHS = "$(inherited) @executable_path/Frameworks @loader_path/Frameworks";
				PRODUCT_BUNDLE_IDENTIFIER = hung.BERemoteTestTests;
				PRODUCT_NAME = "$(TARGET_NAME)";
				TEST_HOST = "$(BUILT_PRODUCTS_DIR)/BERemoteTest.app/BERemoteTest";
			};
			name = Release;
		};
		B2CA2A0E1D618C8F00BBD96D /* Debug */ = {
			isa = XCBuildConfiguration;
			buildSettings = {
				INFOPLIST_FILE = BERemoteTestUITests/Info.plist;
				LD_RUNPATH_SEARCH_PATHS = "$(inherited) @executable_path/Frameworks @loader_path/Frameworks";
				PRODUCT_BUNDLE_IDENTIFIER = hung.BERemoteTestUITests;
				PRODUCT_NAME = "$(TARGET_NAME)";
				TEST_TARGET_NAME = BERemoteTest;
				USES_XCTRUNNER = YES;
			};
			name = Debug;
		};
		B2CA2A0F1D618C8F00BBD96D /* Release */ = {
			isa = XCBuildConfiguration;
			buildSettings = {
				INFOPLIST_FILE = BERemoteTestUITests/Info.plist;
				LD_RUNPATH_SEARCH_PATHS = "$(inherited) @executable_path/Frameworks @loader_path/Frameworks";
				PRODUCT_BUNDLE_IDENTIFIER = hung.BERemoteTestUITests;
				PRODUCT_NAME = "$(TARGET_NAME)";
				TEST_TARGET_NAME = BERemoteTest;
				USES_XCTRUNNER = YES;
			};
			name = Release;
		};
/* End XCBuildConfiguration section */

/* Begin XCConfigurationList section */
		B2CA29D21D618C8E00BBD96D /* Build configuration list for PBXProject "BERemoteTest" */ = {
			isa = XCConfigurationList;
			buildConfigurations = (
				B2CA2A051D618C8F00BBD96D /* Debug */,
				B2CA2A061D618C8F00BBD96D /* Release */,
			);
			defaultConfigurationIsVisible = 0;
			defaultConfigurationName = Release;
		};
		B2CA2A071D618C8F00BBD96D /* Build configuration list for PBXNativeTarget "BERemoteTest" */ = {
			isa = XCConfigurationList;
			buildConfigurations = (
				B2CA2A081D618C8F00BBD96D /* Debug */,
				B2CA2A091D618C8F00BBD96D /* Release */,
			);
			defaultConfigurationIsVisible = 0;
			defaultConfigurationName = Release;
		};
		B2CA2A0A1D618C8F00BBD96D /* Build configuration list for PBXNativeTarget "BERemoteTestTests" */ = {
			isa = XCConfigurationList;
			buildConfigurations = (
				B2CA2A0B1D618C8F00BBD96D /* Debug */,
				B2CA2A0C1D618C8F00BBD96D /* Release */,
			);
			defaultConfigurationIsVisible = 0;
			defaultConfigurationName = Release;
		};
		B2CA2A0D1D618C8F00BBD96D /* Build configuration list for PBXNativeTarget "BERemoteTestUITests" */ = {
			isa = XCConfigurationList;
			buildConfigurations = (
				B2CA2A0E1D618C8F00BBD96D /* Debug */,
				B2CA2A0F1D618C8F00BBD96D /* Release */,
			);
			defaultConfigurationIsVisible = 0;
			defaultConfigurationName = Release;
		};
/* End XCConfigurationList section */
	};
	rootObject = B2CA29CF1D618C8E00BBD96D /* Project object */;
}
