// !$*UTF8*$!
{
	archiveVersion = 1;
	classes = {
	};
	objectVersion = 46;
	objects = {

/* Begin PBXBuildFile section */
		DA4ECAFE1D001D8B00129B5C /* wifiToIRViewController.m in Sources */ = {isa = PBXBuildFile; fileRef = DA4ECAFD1D001D8B00129B5C /* wifiToIRViewController.m */; };
		DA6C1EA81CF6AE71002FA5B7 /* button_gray.png in Resources */ = {isa = PBXBuildFile; fileRef = DA6C1EA61CF6AE71002FA5B7 /* button_gray.png */; };
		DA6C1EA91CF6AE71002FA5B7 /* type_tv_icon.png in Resources */ = {isa = PBXBuildFile; fileRef = DA6C1EA71CF6AE71002FA5B7 /* type_tv_icon.png */; };
		DA718DD51D13DAC100783BF9 /* myHW.m in Sources */ = {isa = PBXBuildFile; fileRef = DA718DD41D13DAC100783BF9 /* myHW.m */; };
		DA723AFE1CEDB6FF00C2EF7E /* IR in Resources */ = {isa = PBXBuildFile; fileRef = DA723AFD1CEDB6FF00C2EF7E /* IR */; };
		DA79DA431CEDA1760000BB7A /* libstdc++.6.tbd in Frameworks */ = {isa = PBXBuildFile; fileRef = DA79DA421CEDA1760000BB7A /* libstdc++.6.tbd */; };
		DA9B2E421CF5742800ECF64C /* RemoteListViewController.m in Sources */ = {isa = PBXBuildFile; fileRef = DA9B2E411CF5742800ECF64C /* RemoteListViewController.m */; };
		DA9B2E451CF5743E00ECF64C /* RemoteListViewCell.m in Sources */ = {isa = PBXBuildFile; fileRef = DA9B2E441CF5743E00ECF64C /* RemoteListViewCell.m */; };
		DA9FB42C1CF6CE0100B4E331 /* RemoteModelView.m in Sources */ = {isa = PBXBuildFile; fileRef = DA9FB42B1CF6CE0100B4E331 /* RemoteModelView.m */; };
		DA9FB4331CF6CF3D00B4E331 /* RemoteModelViewController.m in Sources */ = {isa = PBXBuildFile; fileRef = DA9FB4321CF6CF3D00B4E331 /* RemoteModelViewController.m */; };
		DAEE4D8A1CEC4C95001FCA61 /* main.m in Sources */ = {isa = PBXBuildFile; fileRef = DAEE4D891CEC4C95001FCA61 /* main.m */; };
		DAEE4D8D1CEC4C95001FCA61 /* AppDelegate.m in Sources */ = {isa = PBXBuildFile; fileRef = DAEE4D8C1CEC4C95001FCA61 /* AppDelegate.m */; };
		DAEE4D901CEC4C95001FCA61 /* MainController.m in Sources */ = {isa = PBXBuildFile; fileRef = DAEE4D8F1CEC4C95001FCA61 /* MainController.m */; };
		DAEE4D931CEC4C95001FCA61 /* Main.storyboard in Resources */ = {isa = PBXBuildFile; fileRef = DAEE4D911CEC4C95001FCA61 /* Main.storyboard */; };
		DAEE4D951CEC4C95001FCA61 /* Assets.xcassets in Resources */ = {isa = PBXBuildFile; fileRef = DAEE4D941CEC4C95001FCA61 /* Assets.xcassets */; };
		DAEE4D981CEC4C95001FCA61 /* LaunchScreen.storyboard in Resources */ = {isa = PBXBuildFile; fileRef = DAEE4D961CEC4C95001FCA61 /* LaunchScreen.storyboard */; };
		DAEE4DA31CEC4C96001FCA61 /* test_ocTests.m in Sources */ = {isa = PBXBuildFile; fileRef = DAEE4DA21CEC4C96001FCA61 /* test_ocTests.m */; };
		DAEE4DAE1CEC4C96001FCA61 /* test_ocUITests.m in Sources */ = {isa = PBXBuildFile; fileRef = DAEE4DAD1CEC4C96001FCA61 /* test_ocUITests.m */; };
		DAF9B77C1CF3DCD8007DC6D5 /* TypeListTableViewController.m in Sources */ = {isa = PBXBuildFile; fileRef = DAF9B77B1CF3DCD8007DC6D5 /* TypeListTableViewController.m */; };
		DAF9B77F1CF3DD64007DC6D5 /* TypeListTableViewCell.m in Sources */ = {isa = PBXBuildFile; fileRef = DAF9B77E1CF3DD64007DC6D5 /* TypeListTableViewCell.m */; };
		DAF9B7931CF42949007DC6D5 /* BrandListViewController.m in Sources */ = {isa = PBXBuildFile; fileRef = DAF9B7921CF42949007DC6D5 /* BrandListViewController.m */; };
		DAF9B7961CF4296A007DC6D5 /* BrandListViewCell.m in Sources */ = {isa = PBXBuildFile; fileRef = DAF9B7951CF4296A007DC6D5 /* BrandListViewCell.m */; };
		DAF9E5371D193907007CB234 /* libIRLib.a in Frameworks */ = {isa = PBXBuildFile; fileRef = DA27D7701D0E80EC000587C9 /* libIRLib.a */; };
		DAF9E5381D193907007CB234 /* liblibelian.a in Frameworks */ = {isa = PBXBuildFile; fileRef = DA27D7711D0E80EC000587C9 /* liblibelian.a */; };
/* End PBXBuildFile section */

/* Begin PBXContainerItemProxy section */
		DAEE4D9F1CEC4C96001FCA61 /* PBXContainerItemProxy */ = {
			isa = PBXContainerItemProxy;
			containerPortal = DAEE4D7D1CEC4C95001FCA61 /* Project object */;
			proxyType = 1;
			remoteGlobalIDString = DAEE4D841CEC4C95001FCA61;
			remoteInfo = test_oc;
		};
		DAEE4DAA1CEC4C96001FCA61 /* PBXContainerItemProxy */ = {
			isa = PBXContainerItemProxy;
			containerPortal = DAEE4D7D1CEC4C95001FCA61 /* Project object */;
			proxyType = 1;
			remoteGlobalIDString = DAEE4D841CEC4C95001FCA61;
			remoteInfo = test_oc;
		};
/* End PBXContainerItemProxy section */

/* Begin PBXFileReference section */
		DA27D7701D0E80EC000587C9 /* libIRLib.a */ = {isa = PBXFileReference; lastKnownFileType = archive.ar; name = libIRLib.a; path = test_oc/resource/libIRLib.a; sourceTree = "<group>"; };
		DA27D7711D0E80EC000587C9 /* liblibelian.a */ = {isa = PBXFileReference; lastKnownFileType = archive.ar; name = liblibelian.a; path = test_oc/resource/liblibelian.a; sourceTree = "<group>"; };
		DA4ECAFC1D001D8B00129B5C /* wifiToIRViewController.h */ = {isa = PBXFileReference; fileEncoding = 4; lastKnownFileType = sourcecode.c.h; path = wifiToIRViewController.h; sourceTree = "<group>"; };
		DA4ECAFD1D001D8B00129B5C /* wifiToIRViewController.m */ = {isa = PBXFileReference; fileEncoding = 4; lastKnownFileType = sourcecode.c.objc; path = wifiToIRViewController.m; sourceTree = "<group>"; };
		DA6C1EA61CF6AE71002FA5B7 /* button_gray.png */ = {isa = PBXFileReference; lastKnownFileType = image.png; path = button_gray.png; sourceTree = "<group>"; };
		DA6C1EA71CF6AE71002FA5B7 /* type_tv_icon.png */ = {isa = PBXFileReference; lastKnownFileType = image.png; path = type_tv_icon.png; sourceTree = "<group>"; };
		DA718DD31D13DAC100783BF9 /* myHW.h */ = {isa = PBXFileReference; fileEncoding = 4; lastKnownFileType = sourcecode.c.h; path = myHW.h; sourceTree = "<group>"; };
		DA718DD41D13DAC100783BF9 /* myHW.m */ = {isa = PBXFileReference; fileEncoding = 4; lastKnownFileType = sourcecode.c.objc; path = myHW.m; sourceTree = "<group>"; };
		DA723AFB1CEDB47F00C2EF7E /* libstdc++.tbd */ = {isa = PBXFileReference; lastKnownFileType = "sourcecode.text-based-dylib-definition"; name = "libstdc++.tbd"; path = "usr/lib/libstdc++.tbd"; sourceTree = SDKROOT; };
		DA723AFD1CEDB6FF00C2EF7E /* IR */ = {isa = PBXFileReference; lastKnownFileType = folder; path = IR; sourceTree = "<group>"; };
		DA79DA421CEDA1760000BB7A /* libstdc++.6.tbd */ = {isa = PBXFileReference; lastKnownFileType = "sourcecode.text-based-dylib-definition"; name = "libstdc++.6.tbd"; path = "usr/lib/libstdc++.6.tbd"; sourceTree = SDKROOT; };
		DA9B2E401CF5742800ECF64C /* RemoteListViewController.h */ = {isa = PBXFileReference; fileEncoding = 4; lastKnownFileType = sourcecode.c.h; path = RemoteListViewController.h; sourceTree = "<group>"; };
		DA9B2E411CF5742800ECF64C /* RemoteListViewController.m */ = {isa = PBXFileReference; fileEncoding = 4; lastKnownFileType = sourcecode.c.objc; path = RemoteListViewController.m; sourceTree = "<group>"; };
		DA9B2E431CF5743E00ECF64C /* RemoteListViewCell.h */ = {isa = PBXFileReference; fileEncoding = 4; lastKnownFileType = sourcecode.c.h; path = RemoteListViewCell.h; sourceTree = "<group>"; };
		DA9B2E441CF5743E00ECF64C /* RemoteListViewCell.m */ = {isa = PBXFileReference; fileEncoding = 4; lastKnownFileType = sourcecode.c.objc; path = RemoteListViewCell.m; sourceTree = "<group>"; };
		DA9FB42A1CF6CE0100B4E331 /* RemoteModelView.h */ = {isa = PBXFileReference; fileEncoding = 4; lastKnownFileType = sourcecode.c.h; path = RemoteModelView.h; sourceTree = "<group>"; };
		DA9FB42B1CF6CE0100B4E331 /* RemoteModelView.m */ = {isa = PBXFileReference; fileEncoding = 4; lastKnownFileType = sourcecode.c.objc; path = RemoteModelView.m; sourceTree = "<group>"; };
		DA9FB4311CF6CF3D00B4E331 /* RemoteModelViewController.h */ = {isa = PBXFileReference; fileEncoding = 4; lastKnownFileType = sourcecode.c.h; path = RemoteModelViewController.h; sourceTree = "<group>"; };
		DA9FB4321CF6CF3D00B4E331 /* RemoteModelViewController.m */ = {isa = PBXFileReference; fileEncoding = 4; lastKnownFileType = sourcecode.c.objc; path = RemoteModelViewController.m; sourceTree = "<group>"; };
		DAEE4D851CEC4C95001FCA61 /* test_oc.app */ = {isa = PBXFileReference; explicitFileType = wrapper.application; includeInIndex = 0; path = test_oc.app; sourceTree = BUILT_PRODUCTS_DIR; };
		DAEE4D891CEC4C95001FCA61 /* main.m */ = {isa = PBXFileReference; lastKnownFileType = sourcecode.c.objc; path = main.m; sourceTree = "<group>"; };
		DAEE4D8B1CEC4C95001FCA61 /* AppDelegate.h */ = {isa = PBXFileReference; lastKnownFileType = sourcecode.c.h; path = AppDelegate.h; sourceTree = "<group>"; };
		DAEE4D8C1CEC4C95001FCA61 /* AppDelegate.m */ = {isa = PBXFileReference; lastKnownFileType = sourcecode.c.objc; path = AppDelegate.m; sourceTree = "<group>"; };
		DAEE4D8E1CEC4C95001FCA61 /* MainController.h */ = {isa = PBXFileReference; lastKnownFileType = sourcecode.c.h; path = MainController.h; sourceTree = "<group>"; };
		DAEE4D8F1CEC4C95001FCA61 /* MainController.m */ = {isa = PBXFileReference; lastKnownFileType = sourcecode.c.objc; path = MainController.m; sourceTree = "<group>"; };
		DAEE4D921CEC4C95001FCA61 /* Base */ = {isa = PBXFileReference; lastKnownFileType = file.storyboard; name = Base; path = Base.lproj/Main.storyboard; sourceTree = "<group>"; };
		DAEE4D941CEC4C95001FCA61 /* Assets.xcassets */ = {isa = PBXFileReference; lastKnownFileType = folder.assetcatalog; path = Assets.xcassets; sourceTree = "<group>"; };
		DAEE4D971CEC4C95001FCA61 /* Base */ = {isa = PBXFileReference; lastKnownFileType = file.storyboard; name = Base; path = Base.lproj/LaunchScreen.storyboard; sourceTree = "<group>"; };
		DAEE4D991CEC4C95001FCA61 /* Info.plist */ = {isa = PBXFileReference; lastKnownFileType = text.plist.xml; path = Info.plist; sourceTree = "<group>"; };
		DAEE4D9E1CEC4C96001FCA61 /* test_ocTests.xctest */ = {isa = PBXFileReference; explicitFileType = wrapper.cfbundle; includeInIndex = 0; path = test_ocTests.xctest; sourceTree = BUILT_PRODUCTS_DIR; };
		DAEE4DA21CEC4C96001FCA61 /* test_ocTests.m */ = {isa = PBXFileReference; lastKnownFileType = sourcecode.c.objc; path = test_ocTests.m; sourceTree = "<group>"; };
		DAEE4DA41CEC4C96001FCA61 /* Info.plist */ = {isa = PBXFileReference; lastKnownFileType = text.plist.xml; path = Info.plist; sourceTree = "<group>"; };
		DAEE4DA91CEC4C96001FCA61 /* test_ocUITests.xctest */ = {isa = PBXFileReference; explicitFileType = wrapper.cfbundle; includeInIndex = 0; path = test_ocUITests.xctest; sourceTree = BUILT_PRODUCTS_DIR; };
		DAEE4DAD1CEC4C96001FCA61 /* test_ocUITests.m */ = {isa = PBXFileReference; lastKnownFileType = sourcecode.c.objc; path = test_ocUITests.m; sourceTree = "<group>"; };
		DAEE4DAF1CEC4C96001FCA61 /* Info.plist */ = {isa = PBXFileReference; lastKnownFileType = text.plist.xml; path = Info.plist; sourceTree = "<group>"; };
		DAF9B77A1CF3DCD8007DC6D5 /* TypeListTableViewController.h */ = {isa = PBXFileReference; fileEncoding = 4; lastKnownFileType = sourcecode.c.h; path = TypeListTableViewController.h; sourceTree = "<group>"; };
		DAF9B77B1CF3DCD8007DC6D5 /* TypeListTableViewController.m */ = {isa = PBXFileReference; fileEncoding = 4; lastKnownFileType = sourcecode.c.objc; path = TypeListTableViewController.m; sourceTree = "<group>"; };
		DAF9B77D1CF3DD64007DC6D5 /* TypeListTableViewCell.h */ = {isa = PBXFileReference; fileEncoding = 4; lastKnownFileType = sourcecode.c.h; path = TypeListTableViewCell.h; sourceTree = "<group>"; };
		DAF9B77E1CF3DD64007DC6D5 /* TypeListTableViewCell.m */ = {isa = PBXFileReference; fileEncoding = 4; lastKnownFileType = sourcecode.c.objc; path = TypeListTableViewCell.m; sourceTree = "<group>"; };
		DAF9B7911CF42949007DC6D5 /* BrandListViewController.h */ = {isa = PBXFileReference; fileEncoding = 4; lastKnownFileType = sourcecode.c.h; path = BrandListViewController.h; sourceTree = "<group>"; };
		DAF9B7921CF42949007DC6D5 /* BrandListViewController.m */ = {isa = PBXFileReference; fileEncoding = 4; lastKnownFileType = sourcecode.c.objc; path = BrandListViewController.m; sourceTree = "<group>"; };
		DAF9B7941CF4296A007DC6D5 /* BrandListViewCell.h */ = {isa = PBXFileReference; fileEncoding = 4; lastKnownFileType = sourcecode.c.h; path = BrandListViewCell.h; sourceTree = "<group>"; };
		DAF9B7951CF4296A007DC6D5 /* BrandListViewCell.m */ = {isa = PBXFileReference; fileEncoding = 4; lastKnownFileType = sourcecode.c.objc; path = BrandListViewCell.m; sourceTree = "<group>"; };
/* End PBXFileReference section */

/* Begin PBXFrameworksBuildPhase section */
		DAEE4D821CEC4C95001FCA61 /* Frameworks */ = {
			isa = PBXFrameworksBuildPhase;
			buildActionMask = 2147483647;
			files = (
				DAF9E5371D193907007CB234 /* libIRLib.a in Frameworks */,
				DAF9E5381D193907007CB234 /* liblibelian.a in Frameworks */,
				DA79DA431CEDA1760000BB7A /* libstdc++.6.tbd in Frameworks */,
			);
			runOnlyForDeploymentPostprocessing = 0;
		};
		DAEE4D9B1CEC4C96001FCA61 /* Frameworks */ = {
			isa = PBXFrameworksBuildPhase;
			buildActionMask = 2147483647;
			files = (
			);
			runOnlyForDeploymentPostprocessing = 0;
		};
		DAEE4DA61CEC4C96001FCA61 /* Frameworks */ = {
			isa = PBXFrameworksBuildPhase;
			buildActionMask = 2147483647;
			files = (
			);
			runOnlyForDeploymentPostprocessing = 0;
		};
/* End PBXFrameworksBuildPhase section */

/* Begin PBXGroup section */
		DA535B351CF2C03500800701 /* Source */ = {
			isa = PBXGroup;
			children = (
				DAEE4D8E1CEC4C95001FCA61 /* MainController.h */,
				DAEE4D8F1CEC4C95001FCA61 /* MainController.m */,
				DA4ECAFC1D001D8B00129B5C /* wifiToIRViewController.h */,
				DA4ECAFD1D001D8B00129B5C /* wifiToIRViewController.m */,
				DAF9B77A1CF3DCD8007DC6D5 /* TypeListTableViewController.h */,
				DAF9B77B1CF3DCD8007DC6D5 /* TypeListTableViewController.m */,
				DAF9B77D1CF3DD64007DC6D5 /* TypeListTableViewCell.h */,
				DAF9B77E1CF3DD64007DC6D5 /* TypeListTableViewCell.m */,
				DAF9B7911CF42949007DC6D5 /* BrandListViewController.h */,
				DAF9B7921CF42949007DC6D5 /* BrandListViewController.m */,
				DAF9B7941CF4296A007DC6D5 /* BrandListViewCell.h */,
				DAF9B7951CF4296A007DC6D5 /* BrandListViewCell.m */,
				DA9B2E401CF5742800ECF64C /* RemoteListViewController.h */,
				DA9B2E411CF5742800ECF64C /* RemoteListViewController.m */,
				DA9B2E431CF5743E00ECF64C /* RemoteListViewCell.h */,
				DA9B2E441CF5743E00ECF64C /* RemoteListViewCell.m */,
				DA9FB4311CF6CF3D00B4E331 /* RemoteModelViewController.h */,
				DA9FB4321CF6CF3D00B4E331 /* RemoteModelViewController.m */,
				DA9FB42A1CF6CE0100B4E331 /* RemoteModelView.h */,
				DA9FB42B1CF6CE0100B4E331 /* RemoteModelView.m */,
				DA718DD31D13DAC100783BF9 /* myHW.h */,
				DA718DD41D13DAC100783BF9 /* myHW.m */,
			);
			name = Source;
			sourceTree = "<group>";
		};
		DA6C1EA11CF6ADEE002FA5B7 /* icon */ = {
			isa = PBXGroup;
			children = (
				DA6C1EA61CF6AE71002FA5B7 /* button_gray.png */,
				DA6C1EA71CF6AE71002FA5B7 /* type_tv_icon.png */,
			);
			path = icon;
			sourceTree = "<group>";
		};
		DA8693EC1D0161310023FB1C /* SDK_Library */ = {
			isa = PBXGroup;
			children = (
				DA723AFB1CEDB47F00C2EF7E /* libstdc++.tbd */,
				DA79DA421CEDA1760000BB7A /* libstdc++.6.tbd */,
				DA27D7701D0E80EC000587C9 /* libIRLib.a */,
				DA27D7711D0E80EC000587C9 /* liblibelian.a */,
			);
			name = SDK_Library;
			sourceTree = "<group>";
		};
		DAEE4D7C1CEC4C95001FCA61 = {
			isa = PBXGroup;
			children = (
				DA8693EC1D0161310023FB1C /* SDK_Library */,
				DAEE4D871CEC4C95001FCA61 /* test_oc */,
				DAEE4DA11CEC4C96001FCA61 /* test_ocTests */,
				DAEE4DAC1CEC4C96001FCA61 /* test_ocUITests */,
				DAEE4D861CEC4C95001FCA61 /* Products */,
			);
			sourceTree = "<group>";
		};
		DAEE4D861CEC4C95001FCA61 /* Products */ = {
			isa = PBXGroup;
			children = (
				DAEE4D851CEC4C95001FCA61 /* test_oc.app */,
				DAEE4D9E1CEC4C96001FCA61 /* test_ocTests.xctest */,
				DAEE4DA91CEC4C96001FCA61 /* test_ocUITests.xctest */,
			);
			name = Products;
			sourceTree = "<group>";
		};
		DAEE4D871CEC4C95001FCA61 /* test_oc */ = {
			isa = PBXGroup;
			children = (
				DA6C1EA11CF6ADEE002FA5B7 /* icon */,
				DA723AFD1CEDB6FF00C2EF7E /* IR */,
				DAEE4D881CEC4C95001FCA61 /* Supporting Files */,
				DAEE4D911CEC4C95001FCA61 /* Main.storyboard */,
				DAEE4D961CEC4C95001FCA61 /* LaunchScreen.storyboard */,
				DA535B351CF2C03500800701 /* Source */,
			);
			path = test_oc;
			sourceTree = "<group>";
		};
		DAEE4D881CEC4C95001FCA61 /* Supporting Files */ = {
			isa = PBXGroup;
			children = (
				DAEE4D8B1CEC4C95001FCA61 /* AppDelegate.h */,
				DAEE4D8C1CEC4C95001FCA61 /* AppDelegate.m */,
				DAEE4D941CEC4C95001FCA61 /* Assets.xcassets */,
				DAEE4D991CEC4C95001FCA61 /* Info.plist */,
				DAEE4D891CEC4C95001FCA61 /* main.m */,
			);
			name = "Supporting Files";
			sourceTree = "<group>";
		};
		DAEE4DA11CEC4C96001FCA61 /* test_ocTests */ = {
			isa = PBXGroup;
			children = (
				DAEE4DA21CEC4C96001FCA61 /* test_ocTests.m */,
				DAEE4DA41CEC4C96001FCA61 /* Info.plist */,
			);
			path = test_ocTests;
			sourceTree = "<group>";
		};
		DAEE4DAC1CEC4C96001FCA61 /* test_ocUITests */ = {
			isa = PBXGroup;
			children = (
				DAEE4DAD1CEC4C96001FCA61 /* test_ocUITests.m */,
				DAEE4DAF1CEC4C96001FCA61 /* Info.plist */,
			);
			path = test_ocUITests;
			sourceTree = "<group>";
		};
/* End PBXGroup section */

/* Begin PBXNativeTarget section */
		DAEE4D841CEC4C95001FCA61 /* test_oc */ = {
			isa = PBXNativeTarget;
			buildConfigurationList = DAEE4DB21CEC4C96001FCA61 /* Build configuration list for PBXNativeTarget "test_oc" */;
			buildPhases = (
				DAEE4D811CEC4C95001FCA61 /* Sources */,
				DAEE4D821CEC4C95001FCA61 /* Frameworks */,
				DAEE4D831CEC4C95001FCA61 /* Resources */,
			);
			buildRules = (
			);
			dependencies = (
			);
			name = test_oc;
			productName = test_oc;
			productReference = DAEE4D851CEC4C95001FCA61 /* test_oc.app */;
			productType = "com.apple.product-type.application";
		};
		DAEE4D9D1CEC4C96001FCA61 /* test_ocTests */ = {
			isa = PBXNativeTarget;
			buildConfigurationList = DAEE4DB51CEC4C96001FCA61 /* Build configuration list for PBXNativeTarget "test_ocTests" */;
			buildPhases = (
				DAEE4D9A1CEC4C96001FCA61 /* Sources */,
				DAEE4D9B1CEC4C96001FCA61 /* Frameworks */,
				DAEE4D9C1CEC4C96001FCA61 /* Resources */,
			);
			buildRules = (
			);
			dependencies = (
				DAEE4DA01CEC4C96001FCA61 /* PBXTargetDependency */,
			);
			name = test_ocTests;
			productName = test_ocTests;
			productReference = DAEE4D9E1CEC4C96001FCA61 /* test_ocTests.xctest */;
			productType = "com.apple.product-type.bundle.unit-test";
		};
		DAEE4DA81CEC4C96001FCA61 /* test_ocUITests */ = {
			isa = PBXNativeTarget;
			buildConfigurationList = DAEE4DB81CEC4C96001FCA61 /* Build configuration list for PBXNativeTarget "test_ocUITests" */;
			buildPhases = (
				DAEE4DA51CEC4C96001FCA61 /* Sources */,
				DAEE4DA61CEC4C96001FCA61 /* Frameworks */,
				DAEE4DA71CEC4C96001FCA61 /* Resources */,
			);
			buildRules = (
			);
			dependencies = (
				DAEE4DAB1CEC4C96001FCA61 /* PBXTargetDependency */,
			);
			name = test_ocUITests;
			productName = test_ocUITests;
			productReference = DAEE4DA91CEC4C96001FCA61 /* test_ocUITests.xctest */;
			productType = "com.apple.product-type.bundle.ui-testing";
		};
/* End PBXNativeTarget section */

/* Begin PBXProject section */
		DAEE4D7D1CEC4C95001FCA61 /* Project object */ = {
			isa = PBXProject;
			attributes = {
				LastUpgradeCheck = 0730;
				ORGANIZATIONNAME = bomeans;
				TargetAttributes = {
					DAEE4D841CEC4C95001FCA61 = {
						CreatedOnToolsVersion = 7.3.1;
						DevelopmentTeam = M7S7Y42MZS;
					};
					DAEE4D9D1CEC4C96001FCA61 = {
						CreatedOnToolsVersion = 7.3.1;
						TestTargetID = DAEE4D841CEC4C95001FCA61;
					};
					DAEE4DA81CEC4C96001FCA61 = {
						CreatedOnToolsVersion = 7.3.1;
						TestTargetID = DAEE4D841CEC4C95001FCA61;
					};
				};
			};
			buildConfigurationList = DAEE4D801CEC4C95001FCA61 /* Build configuration list for PBXProject "test_oc" */;
			compatibilityVersion = "Xcode 3.2";
			developmentRegion = English;
			hasScannedForEncodings = 0;
			knownRegions = (
				en,
				Base,
			);
			mainGroup = DAEE4D7C1CEC4C95001FCA61;
			productRefGroup = DAEE4D861CEC4C95001FCA61 /* Products */;
			projectDirPath = "";
			projectRoot = "";
			targets = (
				DAEE4D841CEC4C95001FCA61 /* test_oc */,
				DAEE4D9D1CEC4C96001FCA61 /* test_ocTests */,
				DAEE4DA81CEC4C96001FCA61 /* test_ocUITests */,
			);
		};
/* End PBXProject section */

/* Begin PBXResourcesBuildPhase section */
		DAEE4D831CEC4C95001FCA61 /* Resources */ = {
			isa = PBXResourcesBuildPhase;
			buildActionMask = 2147483647;
			files = (
				DAEE4D981CEC4C95001FCA61 /* LaunchScreen.storyboard in Resources */,
				DA6C1EA81CF6AE71002FA5B7 /* button_gray.png in Resources */,
				DA723AFE1CEDB6FF00C2EF7E /* IR in Resources */,
				DAEE4D951CEC4C95001FCA61 /* Assets.xcassets in Resources */,
				DA6C1EA91CF6AE71002FA5B7 /* type_tv_icon.png in Resources */,
				DAEE4D931CEC4C95001FCA61 /* Main.storyboard in Resources */,
			);
			runOnlyForDeploymentPostprocessing = 0;
		};
		DAEE4D9C1CEC4C96001FCA61 /* Resources */ = {
			isa = PBXResourcesBuildPhase;
			buildActionMask = 2147483647;
			files = (
			);
			runOnlyForDeploymentPostprocessing = 0;
		};
		DAEE4DA71CEC4C96001FCA61 /* Resources */ = {
			isa = PBXResourcesBuildPhase;
			buildActionMask = 2147483647;
			files = (
			);
			runOnlyForDeploymentPostprocessing = 0;
		};
/* End PBXResourcesBuildPhase section */

/* Begin PBXSourcesBuildPhase section */
		DAEE4D811CEC4C95001FCA61 /* Sources */ = {
			isa = PBXSourcesBuildPhase;
			buildActionMask = 2147483647;
			files = (
				DA718DD51D13DAC100783BF9 /* myHW.m in Sources */,
				DAF9B77F1CF3DD64007DC6D5 /* TypeListTableViewCell.m in Sources */,
				DAEE4D901CEC4C95001FCA61 /* MainController.m in Sources */,
				DAF9B77C1CF3DCD8007DC6D5 /* TypeListTableViewController.m in Sources */,
				DA9FB4331CF6CF3D00B4E331 /* RemoteModelViewController.m in Sources */,
				DA9B2E451CF5743E00ECF64C /* RemoteListViewCell.m in Sources */,
				DAF9B7961CF4296A007DC6D5 /* BrandListViewCell.m in Sources */,
				DA9B2E421CF5742800ECF64C /* RemoteListViewController.m in Sources */,
				DAEE4D8D1CEC4C95001FCA61 /* AppDelegate.m in Sources */,
				DAF9B7931CF42949007DC6D5 /* BrandListViewController.m in Sources */,
				DA9FB42C1CF6CE0100B4E331 /* RemoteModelView.m in Sources */,
				DAEE4D8A1CEC4C95001FCA61 /* main.m in Sources */,
				DA4ECAFE1D001D8B00129B5C /* wifiToIRViewController.m in Sources */,
			);
			runOnlyForDeploymentPostprocessing = 0;
		};
		DAEE4D9A1CEC4C96001FCA61 /* Sources */ = {
			isa = PBXSourcesBuildPhase;
			buildActionMask = 2147483647;
			files = (
				DAEE4DA31CEC4C96001FCA61 /* test_ocTests.m in Sources */,
			);
			runOnlyForDeploymentPostprocessing = 0;
		};
		DAEE4DA51CEC4C96001FCA61 /* Sources */ = {
			isa = PBXSourcesBuildPhase;
			buildActionMask = 2147483647;
			files = (
				DAEE4DAE1CEC4C96001FCA61 /* test_ocUITests.m in Sources */,
			);
			runOnlyForDeploymentPostprocessing = 0;
		};
/* End PBXSourcesBuildPhase section */

/* Begin PBXTargetDependency section */
		DAEE4DA01CEC4C96001FCA61 /* PBXTargetDependency */ = {
			isa = PBXTargetDependency;
			target = DAEE4D841CEC4C95001FCA61 /* test_oc */;
			targetProxy = DAEE4D9F1CEC4C96001FCA61 /* PBXContainerItemProxy */;
		};
		DAEE4DAB1CEC4C96001FCA61 /* PBXTargetDependency */ = {
			isa = PBXTargetDependency;
			target = DAEE4D841CEC4C95001FCA61 /* test_oc */;
			targetProxy = DAEE4DAA1CEC4C96001FCA61 /* PBXContainerItemProxy */;
		};
/* End PBXTargetDependency section */

/* Begin PBXVariantGroup section */
		DAEE4D911CEC4C95001FCA61 /* Main.storyboard */ = {
			isa = PBXVariantGroup;
			children = (
				DAEE4D921CEC4C95001FCA61 /* Base */,
			);
			name = Main.storyboard;
			sourceTree = "<group>";
		};
		DAEE4D961CEC4C95001FCA61 /* LaunchScreen.storyboard */ = {
			isa = PBXVariantGroup;
			children = (
				DAEE4D971CEC4C95001FCA61 /* Base */,
			);
			name = LaunchScreen.storyboard;
			sourceTree = "<group>";
		};
/* End PBXVariantGroup section */

/* Begin XCBuildConfiguration section */
		DAEE4DB01CEC4C96001FCA61 /* Debug */ = {
			isa = XCBuildConfiguration;
			buildSettings = {
				ALWAYS_SEARCH_USER_PATHS = NO;
				CLANG_ANALYZER_NONNULL = YES;
				CLANG_CXX_LANGUAGE_STANDARD = "gnu++0x";
				CLANG_CXX_LIBRARY = "libc++";
				CLANG_ENABLE_MODULES = YES;
				CLANG_ENABLE_OBJC_ARC = YES;
				CLANG_WARN_BOOL_CONVERSION = YES;
				CLANG_WARN_CONSTANT_CONVERSION = YES;
				CLANG_WARN_DIRECT_OBJC_ISA_USAGE = YES_ERROR;
				CLANG_WARN_EMPTY_BODY = YES;
				CLANG_WARN_ENUM_CONVERSION = YES;
				CLANG_WARN_INT_CONVERSION = YES;
				CLANG_WARN_OBJC_ROOT_CLASS = YES_ERROR;
				CLANG_WARN_UNREACHABLE_CODE = YES;
				CLANG_WARN__DUPLICATE_METHOD_MATCH = YES;
				"CODE_SIGN_IDENTITY[sdk=iphoneos*]" = "iPhone Developer";
				COPY_PHASE_STRIP = NO;
				DEBUG_INFORMATION_FORMAT = dwarf;
				ENABLE_STRICT_OBJC_MSGSEND = YES;
				ENABLE_TESTABILITY = YES;
				GCC_C_LANGUAGE_STANDARD = gnu99;
				GCC_DYNAMIC_NO_PIC = NO;
				GCC_NO_COMMON_BLOCKS = YES;
				GCC_OPTIMIZATION_LEVEL = 0;
				GCC_PREPROCESSOR_DEFINITIONS = (
					"DEBUG=1",
					"$(inherited)",
				);
				GCC_WARN_64_TO_32_BIT_CONVERSION = YES;
				GCC_WARN_ABOUT_RETURN_TYPE = YES_ERROR;
				GCC_WARN_UNDECLARED_SELECTOR = YES;
				GCC_WARN_UNINITIALIZED_AUTOS = YES_AGGRESSIVE;
				GCC_WARN_UNUSED_FUNCTION = YES;
				GCC_WARN_UNUSED_VARIABLE = YES;
				IPHONEOS_DEPLOYMENT_TARGET = 9.3;
				MTL_ENABLE_DEBUG_INFO = YES;
				ONLY_ACTIVE_ARCH = YES;
				SDKROOT = iphoneos;
			};
			name = Debug;
		};
		DAEE4DB11CEC4C96001FCA61 /* Release */ = {
			isa = XCBuildConfiguration;
			buildSettings = {
				ALWAYS_SEARCH_USER_PATHS = NO;
				CLANG_ANALYZER_NONNULL = YES;
				CLANG_CXX_LANGUAGE_STANDARD = "gnu++0x";
				CLANG_CXX_LIBRARY = "libc++";
				CLANG_ENABLE_MODULES = YES;
				CLANG_ENABLE_OBJC_ARC = YES;
				CLANG_WARN_BOOL_CONVERSION = YES;
				CLANG_WARN_CONSTANT_CONVERSION = YES;
				CLANG_WARN_DIRECT_OBJC_ISA_USAGE = YES_ERROR;
				CLANG_WARN_EMPTY_BODY = YES;
				CLANG_WARN_ENUM_CONVERSION = YES;
				CLANG_WARN_INT_CONVERSION = YES;
				CLANG_WARN_OBJC_ROOT_CLASS = YES_ERROR;
				CLANG_WARN_UNREACHABLE_CODE = YES;
				CLANG_WARN__DUPLICATE_METHOD_MATCH = YES;
				"CODE_SIGN_IDENTITY[sdk=iphoneos*]" = "iPhone Developer";
				COPY_PHASE_STRIP = NO;
				DEBUG_INFORMATION_FORMAT = "dwarf-with-dsym";
				ENABLE_NS_ASSERTIONS = NO;
				ENABLE_STRICT_OBJC_MSGSEND = YES;
				GCC_C_LANGUAGE_STANDARD = gnu99;
				GCC_NO_COMMON_BLOCKS = YES;
				GCC_WARN_64_TO_32_BIT_CONVERSION = YES;
				GCC_WARN_ABOUT_RETURN_TYPE = YES_ERROR;
				GCC_WARN_UNDECLARED_SELECTOR = YES;
				GCC_WARN_UNINITIALIZED_AUTOS = YES_AGGRESSIVE;
				GCC_WARN_UNUSED_FUNCTION = YES;
				GCC_WARN_UNUSED_VARIABLE = YES;
				IPHONEOS_DEPLOYMENT_TARGET = 9.3;
				MTL_ENABLE_DEBUG_INFO = NO;
				SDKROOT = iphoneos;
				VALIDATE_PRODUCT = YES;
			};
			name = Release;
		};
		DAEE4DB31CEC4C96001FCA61 /* Debug */ = {
			isa = XCBuildConfiguration;
			buildSettings = {
				ASSETCATALOG_COMPILER_APPICON_NAME = AppIcon;
				CLANG_CXX_LIBRARY = "libstdc++";
				CODE_SIGN_IDENTITY = "iPhone Developer";
				"CODE_SIGN_IDENTITY[sdk=iphoneos*]" = "iPhone Developer";
				ENABLE_BITCODE = NO;
				INFOPLIST_FILE = test_oc/Info.plist;
				IPHONEOS_DEPLOYMENT_TARGET = 9.3;
				LD_RUNPATH_SEARCH_PATHS = "$(inherited) @executable_path/Frameworks";
				LIBRARY_SEARCH_PATHS = (
					"$(inherited)",
					"$(PROJECT_DIR)/test_oc",
					"$(PROJECT_DIR)/test_oc/resource",
				);
				PRODUCT_BUNDLE_IDENTIFIER = "bomeans.com.test-oc";
				PRODUCT_NAME = "$(TARGET_NAME)";
				PROVISIONING_PROFILE = "";
				SDKROOT = iphoneos;
				TARGETED_DEVICE_FAMILY = "1,2";
			};
			name = Debug;
		};
		DAEE4DB41CEC4C96001FCA61 /* Release */ = {
			isa = XCBuildConfiguration;
			buildSettings = {
				ASSETCATALOG_COMPILER_APPICON_NAME = AppIcon;
				CLANG_CXX_LIBRARY = "libstdc++";
				CODE_SIGN_IDENTITY = "iPhone Developer";
				"CODE_SIGN_IDENTITY[sdk=iphoneos*]" = "iPhone Developer";
				ENABLE_BITCODE = NO;
				INFOPLIST_FILE = test_oc/Info.plist;
				IPHONEOS_DEPLOYMENT_TARGET = 9.3;
				LD_RUNPATH_SEARCH_PATHS = "$(inherited) @executable_path/Frameworks";
				LIBRARY_SEARCH_PATHS = (
					"$(inherited)",
					"$(PROJECT_DIR)/test_oc",
					"$(PROJECT_DIR)/test_oc/resource",
				);
				PRODUCT_BUNDLE_IDENTIFIER = "bomeans.com.test-oc";
				PRODUCT_NAME = "$(TARGET_NAME)";
				PROVISIONING_PROFILE = "";
				SDKROOT = iphoneos;
				TARGETED_DEVICE_FAMILY = "1,2";
			};
			name = Release;
		};
		DAEE4DB61CEC4C96001FCA61 /* Debug */ = {
			isa = XCBuildConfiguration;
			buildSettings = {
				BUNDLE_LOADER = "$(TEST_HOST)";
				INFOPLIST_FILE = test_ocTests/Info.plist;
				LD_RUNPATH_SEARCH_PATHS = "$(inherited) @executable_path/Frameworks @loader_path/Frameworks";
				PRODUCT_BUNDLE_IDENTIFIER = "bomeans.com.test-ocTests";
				PRODUCT_NAME = "$(TARGET_NAME)";
				TEST_HOST = "$(BUILT_PRODUCTS_DIR)/test_oc.app/test_oc";
			};
			name = Debug;
		};
		DAEE4DB71CEC4C96001FCA61 /* Release */ = {
			isa = XCBuildConfiguration;
			buildSettings = {
				BUNDLE_LOADER = "$(TEST_HOST)";
				INFOPLIST_FILE = test_ocTests/Info.plist;
				LD_RUNPATH_SEARCH_PATHS = "$(inherited) @executable_path/Frameworks @loader_path/Frameworks";
				PRODUCT_BUNDLE_IDENTIFIER = "bomeans.com.test-ocTests";
				PRODUCT_NAME = "$(TARGET_NAME)";
				TEST_HOST = "$(BUILT_PRODUCTS_DIR)/test_oc.app/test_oc";
			};
			name = Release;
		};
		DAEE4DB91CEC4C96001FCA61 /* Debug */ = {
			isa = XCBuildConfiguration;
			buildSettings = {
				INFOPLIST_FILE = test_ocUITests/Info.plist;
				LD_RUNPATH_SEARCH_PATHS = "$(inherited) @executable_path/Frameworks @loader_path/Frameworks";
				PRODUCT_BUNDLE_IDENTIFIER = "bomeans.com.test-ocUITests";
				PRODUCT_NAME = "$(TARGET_NAME)";
				TEST_TARGET_NAME = test_oc;
			};
			name = Debug;
		};
		DAEE4DBA1CEC4C96001FCA61 /* Release */ = {
			isa = XCBuildConfiguration;
			buildSettings = {
				INFOPLIST_FILE = test_ocUITests/Info.plist;
				LD_RUNPATH_SEARCH_PATHS = "$(inherited) @executable_path/Frameworks @loader_path/Frameworks";
				PRODUCT_BUNDLE_IDENTIFIER = "bomeans.com.test-ocUITests";
				PRODUCT_NAME = "$(TARGET_NAME)";
				TEST_TARGET_NAME = test_oc;
			};
			name = Release;
		};
/* End XCBuildConfiguration section */

/* Begin XCConfigurationList section */
		DAEE4D801CEC4C95001FCA61 /* Build configuration list for PBXProject "test_oc" */ = {
			isa = XCConfigurationList;
			buildConfigurations = (
				DAEE4DB01CEC4C96001FCA61 /* Debug */,
				DAEE4DB11CEC4C96001FCA61 /* Release */,
			);
			defaultConfigurationIsVisible = 0;
			defaultConfigurationName = Release;
		};
		DAEE4DB21CEC4C96001FCA61 /* Build configuration list for PBXNativeTarget "test_oc" */ = {
			isa = XCConfigurationList;
			buildConfigurations = (
				DAEE4DB31CEC4C96001FCA61 /* Debug */,
				DAEE4DB41CEC4C96001FCA61 /* Release */,
			);
			defaultConfigurationIsVisible = 0;
			defaultConfigurationName = Release;
		};
		DAEE4DB51CEC4C96001FCA61 /* Build configuration list for PBXNativeTarget "test_ocTests" */ = {
			isa = XCConfigurationList;
			buildConfigurations = (
				DAEE4DB61CEC4C96001FCA61 /* Debug */,
				DAEE4DB71CEC4C96001FCA61 /* Release */,
			);
			defaultConfigurationIsVisible = 0;
			defaultConfigurationName = Release;
		};
		DAEE4DB81CEC4C96001FCA61 /* Build configuration list for PBXNativeTarget "test_ocUITests" */ = {
			isa = XCConfigurationList;
			buildConfigurations = (
				DAEE4DB91CEC4C96001FCA61 /* Debug */,
				DAEE4DBA1CEC4C96001FCA61 /* Release */,
			);
			defaultConfigurationIsVisible = 0;
			defaultConfigurationName = Release;
		};
/* End XCConfigurationList section */
	};
	rootObject = DAEE4D7D1CEC4C95001FCA61 /* Project object */;
}
